// !$*UTF8*$!
{
	archiveVersion = 1;
	classes = {
	};
	objectVersion = 46;
	objects = {

/* Begin PBXBuildFile section */
		CB075AC419789A6200ABFE20 /* News.m in Sources */ = {isa = PBXBuildFile; fileRef = CB075AC319789A6200ABFE20 /* News.m */; };
		CB075AC719789AB200ABFE20 /* UpdateNewsViewController.m in Sources */ = {isa = PBXBuildFile; fileRef = CB075AC619789AB200ABFE20 /* UpdateNewsViewController.m */; };
		CB075ACA19789BD400ABFE20 /* NewsFeedTableViewController.m in Sources */ = {isa = PBXBuildFile; fileRef = CB075AC919789BD400ABFE20 /* NewsFeedTableViewController.m */; };
		CB41E3A6197D961300929329 /* UpdateEventViewController.m in Sources */ = {isa = PBXBuildFile; fileRef = CB41E3A5197D961300929329 /* UpdateEventViewController.m */; };
		CB41E3A9197D97E000929329 /* Event.m in Sources */ = {isa = PBXBuildFile; fileRef = CB41E3A8197D97E000929329 /* Event.m */; };
		CB41E3AF197F842A00929329 /* LoginViewController.m in Sources */ = {isa = PBXBuildFile; fileRef = CB41E3AE197F842A00929329 /* LoginViewController.m */; };
		CB41E3B5197F8FAF00929329 /* SettingTableViewController.m in Sources */ = {isa = PBXBuildFile; fileRef = CB41E3B4197F8FAF00929329 /* SettingTableViewController.m */; };
		CB41E3E2198794C500929329 /* PDTSimpleCalendarViewCell.m in Sources */ = {isa = PBXBuildFile; fileRef = CB41E3DB198794C500929329 /* PDTSimpleCalendarViewCell.m */; };
		CB41E3E3198794C500929329 /* PDTSimpleCalendarViewController.m in Sources */ = {isa = PBXBuildFile; fileRef = CB41E3DD198794C500929329 /* PDTSimpleCalendarViewController.m */; };
		CB41E3E4198794C500929329 /* PDTSimpleCalendarViewFlowLayout.m in Sources */ = {isa = PBXBuildFile; fileRef = CB41E3DF198794C500929329 /* PDTSimpleCalendarViewFlowLayout.m */; };
		CB41E3E5198794C500929329 /* PDTSimpleCalendarViewHeader.m in Sources */ = {isa = PBXBuildFile; fileRef = CB41E3E1198794C500929329 /* PDTSimpleCalendarViewHeader.m */; };
		CB48A25D197CF1E200E458AA /* EventViewController.m in Sources */ = {isa = PBXBuildFile; fileRef = CB48A25C197CF1E200E458AA /* EventViewController.m */; };
		CB8C7229196FB251006E4CF2 /* Foundation.framework in Frameworks */ = {isa = PBXBuildFile; fileRef = CB8C7228196FB251006E4CF2 /* Foundation.framework */; };
		CB8C722B196FB251006E4CF2 /* CoreGraphics.framework in Frameworks */ = {isa = PBXBuildFile; fileRef = CB8C722A196FB251006E4CF2 /* CoreGraphics.framework */; };
		CB8C722D196FB251006E4CF2 /* UIKit.framework in Frameworks */ = {isa = PBXBuildFile; fileRef = CB8C722C196FB251006E4CF2 /* UIKit.framework */; };
		CB8C7233196FB251006E4CF2 /* InfoPlist.strings in Resources */ = {isa = PBXBuildFile; fileRef = CB8C7231196FB251006E4CF2 /* InfoPlist.strings */; };
		CB8C7235196FB251006E4CF2 /* main.m in Sources */ = {isa = PBXBuildFile; fileRef = CB8C7234196FB251006E4CF2 /* main.m */; };
		CB8C7239196FB251006E4CF2 /* AppDelegate.m in Sources */ = {isa = PBXBuildFile; fileRef = CB8C7238196FB251006E4CF2 /* AppDelegate.m */; };
		CB8C7244196FB251006E4CF2 /* Images.xcassets in Resources */ = {isa = PBXBuildFile; fileRef = CB8C7243196FB251006E4CF2 /* Images.xcassets */; };
		CB8C724B196FB251006E4CF2 /* XCTest.framework in Frameworks */ = {isa = PBXBuildFile; fileRef = CB8C724A196FB251006E4CF2 /* XCTest.framework */; };
		CB8C724C196FB251006E4CF2 /* Foundation.framework in Frameworks */ = {isa = PBXBuildFile; fileRef = CB8C7228196FB251006E4CF2 /* Foundation.framework */; };
		CB8C724D196FB251006E4CF2 /* UIKit.framework in Frameworks */ = {isa = PBXBuildFile; fileRef = CB8C722C196FB251006E4CF2 /* UIKit.framework */; };
		CB8C7255196FB251006E4CF2 /* InfoPlist.strings in Resources */ = {isa = PBXBuildFile; fileRef = CB8C7253196FB251006E4CF2 /* InfoPlist.strings */; };
		CB8C7257196FB251006E4CF2 /* HSTests.m in Sources */ = {isa = PBXBuildFile; fileRef = CB8C7256196FB251006E4CF2 /* HSTests.m */; };
		CB8C7262196FB51E006E4CF2 /* ChatViewController.m in Sources */ = {isa = PBXBuildFile; fileRef = CB8C7261196FB51E006E4CF2 /* ChatViewController.m */; };
		CBDDED54199358AD00660639 /* CalendarEventView.m in Sources */ = {isa = PBXBuildFile; fileRef = CBDDED53199358AD00660639 /* CalendarEventView.m */; };
		CBF3EE231970394600232601 /* QuartzCore.framework in Frameworks */ = {isa = PBXBuildFile; fileRef = CBF3EE221970394600232601 /* QuartzCore.framework */; };
		CBF8877C1990C32D003C146A /* EditProfileViewController.m in Sources */ = {isa = PBXBuildFile; fileRef = CBF8877B1990C32D003C146A /* EditProfileViewController.m */; };
		CBF8877E1990D521003C146A /* EventCell.xib in Resources */ = {isa = PBXBuildFile; fileRef = CBF8877D1990D521003C146A /* EventCell.xib */; };
		CBF887821990D584003C146A /* EventCell.m in Sources */ = {isa = PBXBuildFile; fileRef = CBF887811990D584003C146A /* EventCell.m */; };
		FF3282FD19B6D5AF00DBDEC7 /* Parse.framework in Frameworks */ = {isa = PBXBuildFile; fileRef = FF3282FC19B6D5AF00DBDEC7 /* Parse.framework */; };
		FF32830519B6D88900DBDEC7 /* chat_icon_normal@2x.png in Resources */ = {isa = PBXBuildFile; fileRef = FF3282FE19B6D88900DBDEC7 /* chat_icon_normal@2x.png */; };
		FF32830619B6D88900DBDEC7 /* events_icon_normal@2x.png in Resources */ = {isa = PBXBuildFile; fileRef = FF3282FF19B6D88900DBDEC7 /* events_icon_normal@2x.png */; };
		FF32830719B6D88900DBDEC7 /* karisma_app_icon.png in Resources */ = {isa = PBXBuildFile; fileRef = FF32830019B6D88900DBDEC7 /* karisma_app_icon.png */; };
		FF32830819B6D88900DBDEC7 /* karisma_app_launchimage_blue_1.png in Resources */ = {isa = PBXBuildFile; fileRef = FF32830119B6D88900DBDEC7 /* karisma_app_launchimage_blue_1.png */; };
		FF32830919B6D88900DBDEC7 /* members_icon_normal_1@2x.png in Resources */ = {isa = PBXBuildFile; fileRef = FF32830219B6D88900DBDEC7 /* members_icon_normal_1@2x.png */; };
		FF32830A19B6D88900DBDEC7 /* newsfeed_icon_normal@2x.png in Resources */ = {isa = PBXBuildFile; fileRef = FF32830319B6D88900DBDEC7 /* newsfeed_icon_normal@2x.png */; };
		FF32830B19B6D88900DBDEC7 /* setting_icon_normal@2x.png in Resources */ = {isa = PBXBuildFile; fileRef = FF32830419B6D88900DBDEC7 /* setting_icon_normal@2x.png */; };
		FF32830E19B6D8F900DBDEC7 /* Main.storyboard in Resources */ = {isa = PBXBuildFile; fileRef = FF32830C19B6D8F900DBDEC7 /* Main.storyboard */; };
		FF32837719B6DB8C00DBDEC7 /* RegisterViewController.m in Sources */ = {isa = PBXBuildFile; fileRef = FF32837619B6DB8C00DBDEC7 /* RegisterViewController.m */; };
		FF61966619B58B1700743E1E /* MemberTableViewController.m in Sources */ = {isa = PBXBuildFile; fileRef = FF61966519B58B1700743E1E /* MemberTableViewController.m */; };
		FF61966919B58CE600743E1E /* EditMemberTableViewController.m in Sources */ = {isa = PBXBuildFile; fileRef = FF61966819B58CE600743E1E /* EditMemberTableViewController.m */; };
		FF69D81819B03C9700743508 /* AudioToolbox.framework in Frameworks */ = {isa = PBXBuildFile; fileRef = FF69D81719B03C9700743508 /* AudioToolbox.framework */; };
		FF69D81A19B03C9F00743508 /* CFNetwork.framework in Frameworks */ = {isa = PBXBuildFile; fileRef = FF69D81919B03C9F00743508 /* CFNetwork.framework */; };
		FF69D81C19B03CAB00743508 /* CoreLocation.framework in Frameworks */ = {isa = PBXBuildFile; fileRef = FF69D81B19B03CAB00743508 /* CoreLocation.framework */; };
		FF69D81E19B03CB000743508 /* libz.dylib in Frameworks */ = {isa = PBXBuildFile; fileRef = FF69D81D19B03CB000743508 /* libz.dylib */; };
		FF69D82019B03CB700743508 /* MobileCoreServices.framework in Frameworks */ = {isa = PBXBuildFile; fileRef = FF69D81F19B03CB700743508 /* MobileCoreServices.framework */; };
		FF69D82219B03CC200743508 /* Security.framework in Frameworks */ = {isa = PBXBuildFile; fileRef = FF69D82119B03CC200743508 /* Security.framework */; };
		FF69D82419B03CC900743508 /* StoreKit.framework in Frameworks */ = {isa = PBXBuildFile; fileRef = FF69D82319B03CC900743508 /* StoreKit.framework */; };
		FF69D82619B03CD100743508 /* SystemConfiguration.framework in Frameworks */ = {isa = PBXBuildFile; fileRef = FF69D82519B03CD100743508 /* SystemConfiguration.framework */; };
/* End PBXBuildFile section */

/* Begin PBXContainerItemProxy section */
		CB8C724E196FB251006E4CF2 /* PBXContainerItemProxy */ = {
			isa = PBXContainerItemProxy;
			containerPortal = CB8C721D196FB251006E4CF2 /* Project object */;
			proxyType = 1;
			remoteGlobalIDString = CB8C7224196FB251006E4CF2;
			remoteInfo = HS;
		};
/* End PBXContainerItemProxy section */

/* Begin PBXFileReference section */
		CB075AC219789A6200ABFE20 /* News.h */ = {isa = PBXFileReference; fileEncoding = 4; lastKnownFileType = sourcecode.c.h; path = News.h; sourceTree = "<group>"; };
		CB075AC319789A6200ABFE20 /* News.m */ = {isa = PBXFileReference; fileEncoding = 4; lastKnownFileType = sourcecode.c.objc; path = News.m; sourceTree = "<group>"; };
		CB075AC519789AB200ABFE20 /* UpdateNewsViewController.h */ = {isa = PBXFileReference; fileEncoding = 4; lastKnownFileType = sourcecode.c.h; path = UpdateNewsViewController.h; sourceTree = "<group>"; };
		CB075AC619789AB200ABFE20 /* UpdateNewsViewController.m */ = {isa = PBXFileReference; fileEncoding = 4; lastKnownFileType = sourcecode.c.objc; path = UpdateNewsViewController.m; sourceTree = "<group>"; };
		CB075AC819789BD400ABFE20 /* NewsFeedTableViewController.h */ = {isa = PBXFileReference; fileEncoding = 4; lastKnownFileType = sourcecode.c.h; name = NewsFeedTableViewController.h; path = ../NewsFeedTableViewController.h; sourceTree = "<group>"; };
		CB075AC919789BD400ABFE20 /* NewsFeedTableViewController.m */ = {isa = PBXFileReference; fileEncoding = 4; lastKnownFileType = sourcecode.c.objc; name = NewsFeedTableViewController.m; path = ../NewsFeedTableViewController.m; sourceTree = "<group>"; };
		CB41E3A4197D961300929329 /* UpdateEventViewController.h */ = {isa = PBXFileReference; fileEncoding = 4; lastKnownFileType = sourcecode.c.h; path = UpdateEventViewController.h; sourceTree = "<group>"; };
		CB41E3A5197D961300929329 /* UpdateEventViewController.m */ = {isa = PBXFileReference; fileEncoding = 4; lastKnownFileType = sourcecode.c.objc; path = UpdateEventViewController.m; sourceTree = "<group>"; };
		CB41E3A7197D97E000929329 /* Event.h */ = {isa = PBXFileReference; fileEncoding = 4; lastKnownFileType = sourcecode.c.h; path = Event.h; sourceTree = "<group>"; };
		CB41E3A8197D97E000929329 /* Event.m */ = {isa = PBXFileReference; fileEncoding = 4; lastKnownFileType = sourcecode.c.objc; path = Event.m; sourceTree = "<group>"; };
		CB41E3AD197F842A00929329 /* LoginViewController.h */ = {isa = PBXFileReference; fileEncoding = 4; lastKnownFileType = sourcecode.c.h; path = LoginViewController.h; sourceTree = "<group>"; };
		CB41E3AE197F842A00929329 /* LoginViewController.m */ = {isa = PBXFileReference; fileEncoding = 4; lastKnownFileType = sourcecode.c.objc; path = LoginViewController.m; sourceTree = "<group>"; };
		CB41E3B3197F8FAF00929329 /* SettingTableViewController.h */ = {isa = PBXFileReference; fileEncoding = 4; lastKnownFileType = sourcecode.c.h; path = SettingTableViewController.h; sourceTree = "<group>"; };
		CB41E3B4197F8FAF00929329 /* SettingTableViewController.m */ = {isa = PBXFileReference; fileEncoding = 4; lastKnownFileType = sourcecode.c.objc; path = SettingTableViewController.m; sourceTree = "<group>"; };
		CB41E3D9198794C500929329 /* PDTSimpleCalendar.h */ = {isa = PBXFileReference; fileEncoding = 4; lastKnownFileType = sourcecode.c.h; name = PDTSimpleCalendar.h; path = HS/PDTSimpleCalendar/PDTSimpleCalendar.h; sourceTree = "<group>"; };
		CB41E3DA198794C500929329 /* PDTSimpleCalendarViewCell.h */ = {isa = PBXFileReference; fileEncoding = 4; lastKnownFileType = sourcecode.c.h; name = PDTSimpleCalendarViewCell.h; path = HS/PDTSimpleCalendar/PDTSimpleCalendarViewCell.h; sourceTree = "<group>"; };
		CB41E3DB198794C500929329 /* PDTSimpleCalendarViewCell.m */ = {isa = PBXFileReference; fileEncoding = 4; lastKnownFileType = sourcecode.c.objc; name = PDTSimpleCalendarViewCell.m; path = HS/PDTSimpleCalendar/PDTSimpleCalendarViewCell.m; sourceTree = "<group>"; };
		CB41E3DC198794C500929329 /* PDTSimpleCalendarViewController.h */ = {isa = PBXFileReference; fileEncoding = 4; lastKnownFileType = sourcecode.c.h; name = PDTSimpleCalendarViewController.h; path = HS/PDTSimpleCalendar/PDTSimpleCalendarViewController.h; sourceTree = "<group>"; };
		CB41E3DD198794C500929329 /* PDTSimpleCalendarViewController.m */ = {isa = PBXFileReference; fileEncoding = 4; lastKnownFileType = sourcecode.c.objc; name = PDTSimpleCalendarViewController.m; path = HS/PDTSimpleCalendar/PDTSimpleCalendarViewController.m; sourceTree = "<group>"; };
		CB41E3DE198794C500929329 /* PDTSimpleCalendarViewFlowLayout.h */ = {isa = PBXFileReference; fileEncoding = 4; lastKnownFileType = sourcecode.c.h; name = PDTSimpleCalendarViewFlowLayout.h; path = HS/PDTSimpleCalendar/PDTSimpleCalendarViewFlowLayout.h; sourceTree = "<group>"; };
		CB41E3DF198794C500929329 /* PDTSimpleCalendarViewFlowLayout.m */ = {isa = PBXFileReference; fileEncoding = 4; lastKnownFileType = sourcecode.c.objc; name = PDTSimpleCalendarViewFlowLayout.m; path = HS/PDTSimpleCalendar/PDTSimpleCalendarViewFlowLayout.m; sourceTree = "<group>"; };
		CB41E3E0198794C500929329 /* PDTSimpleCalendarViewHeader.h */ = {isa = PBXFileReference; fileEncoding = 4; lastKnownFileType = sourcecode.c.h; name = PDTSimpleCalendarViewHeader.h; path = HS/PDTSimpleCalendar/PDTSimpleCalendarViewHeader.h; sourceTree = "<group>"; };
		CB41E3E1198794C500929329 /* PDTSimpleCalendarViewHeader.m */ = {isa = PBXFileReference; fileEncoding = 4; lastKnownFileType = sourcecode.c.objc; name = PDTSimpleCalendarViewHeader.m; path = HS/PDTSimpleCalendar/PDTSimpleCalendarViewHeader.m; sourceTree = "<group>"; };
		CB48A25B197CF1E200E458AA /* EventViewController.h */ = {isa = PBXFileReference; fileEncoding = 4; lastKnownFileType = sourcecode.c.h; path = EventViewController.h; sourceTree = "<group>"; };
		CB48A25C197CF1E200E458AA /* EventViewController.m */ = {isa = PBXFileReference; fileEncoding = 4; lastKnownFileType = sourcecode.c.objc; path = EventViewController.m; sourceTree = "<group>"; };
		CB8C7225196FB251006E4CF2 /* HS.app */ = {isa = PBXFileReference; explicitFileType = wrapper.application; includeInIndex = 0; path = HS.app; sourceTree = BUILT_PRODUCTS_DIR; };
		CB8C7228196FB251006E4CF2 /* Foundation.framework */ = {isa = PBXFileReference; lastKnownFileType = wrapper.framework; name = Foundation.framework; path = System/Library/Frameworks/Foundation.framework; sourceTree = SDKROOT; };
		CB8C722A196FB251006E4CF2 /* CoreGraphics.framework */ = {isa = PBXFileReference; lastKnownFileType = wrapper.framework; name = CoreGraphics.framework; path = System/Library/Frameworks/CoreGraphics.framework; sourceTree = SDKROOT; };
		CB8C722C196FB251006E4CF2 /* UIKit.framework */ = {isa = PBXFileReference; lastKnownFileType = wrapper.framework; name = UIKit.framework; path = System/Library/Frameworks/UIKit.framework; sourceTree = SDKROOT; };
		CB8C7230196FB251006E4CF2 /* HS-Info.plist */ = {isa = PBXFileReference; lastKnownFileType = text.plist.xml; path = "HS-Info.plist"; sourceTree = "<group>"; };
		CB8C7232196FB251006E4CF2 /* en */ = {isa = PBXFileReference; lastKnownFileType = text.plist.strings; name = en; path = en.lproj/InfoPlist.strings; sourceTree = "<group>"; };
		CB8C7234196FB251006E4CF2 /* main.m */ = {isa = PBXFileReference; lastKnownFileType = sourcecode.c.objc; path = main.m; sourceTree = "<group>"; };
		CB8C7236196FB251006E4CF2 /* HS-Prefix.pch */ = {isa = PBXFileReference; lastKnownFileType = sourcecode.c.h; path = "HS-Prefix.pch"; sourceTree = "<group>"; };
		CB8C7237196FB251006E4CF2 /* AppDelegate.h */ = {isa = PBXFileReference; lastKnownFileType = sourcecode.c.h; path = AppDelegate.h; sourceTree = "<group>"; };
		CB8C7238196FB251006E4CF2 /* AppDelegate.m */ = {isa = PBXFileReference; lastKnownFileType = sourcecode.c.objc; path = AppDelegate.m; sourceTree = "<group>"; };
		CB8C7243196FB251006E4CF2 /* Images.xcassets */ = {isa = PBXFileReference; lastKnownFileType = folder.assetcatalog; path = Images.xcassets; sourceTree = "<group>"; };
		CB8C7249196FB251006E4CF2 /* HSTests.xctest */ = {isa = PBXFileReference; explicitFileType = wrapper.cfbundle; includeInIndex = 0; path = HSTests.xctest; sourceTree = BUILT_PRODUCTS_DIR; };
		CB8C724A196FB251006E4CF2 /* XCTest.framework */ = {isa = PBXFileReference; lastKnownFileType = wrapper.framework; name = XCTest.framework; path = Library/Frameworks/XCTest.framework; sourceTree = DEVELOPER_DIR; };
		CB8C7252196FB251006E4CF2 /* HSTests-Info.plist */ = {isa = PBXFileReference; lastKnownFileType = text.plist.xml; path = "HSTests-Info.plist"; sourceTree = "<group>"; };
		CB8C7254196FB251006E4CF2 /* en */ = {isa = PBXFileReference; lastKnownFileType = text.plist.strings; name = en; path = en.lproj/InfoPlist.strings; sourceTree = "<group>"; };
		CB8C7256196FB251006E4CF2 /* HSTests.m */ = {isa = PBXFileReference; lastKnownFileType = sourcecode.c.objc; path = HSTests.m; sourceTree = "<group>"; };
		CB8C7260196FB51E006E4CF2 /* ChatViewController.h */ = {isa = PBXFileReference; fileEncoding = 4; lastKnownFileType = sourcecode.c.h; path = ChatViewController.h; sourceTree = "<group>"; };
		CB8C7261196FB51E006E4CF2 /* ChatViewController.m */ = {isa = PBXFileReference; fileEncoding = 4; lastKnownFileType = sourcecode.c.objc; path = ChatViewController.m; sourceTree = "<group>"; };
		CBDDED52199358AD00660639 /* CalendarEventView.h */ = {isa = PBXFileReference; fileEncoding = 4; lastKnownFileType = sourcecode.c.h; path = CalendarEventView.h; sourceTree = "<group>"; };
		CBDDED53199358AD00660639 /* CalendarEventView.m */ = {isa = PBXFileReference; fileEncoding = 4; lastKnownFileType = sourcecode.c.objc; path = CalendarEventView.m; sourceTree = "<group>"; };
		CBF3EE121970373900232601 /* EventKit.framework */ = {isa = PBXFileReference; lastKnownFileType = wrapper.framework; name = EventKit.framework; path = System/Library/Frameworks/EventKit.framework; sourceTree = SDKROOT; };
		CBF3EE131970373900232601 /* EventKitUI.framework */ = {isa = PBXFileReference; lastKnownFileType = wrapper.framework; name = EventKitUI.framework; path = System/Library/Frameworks/EventKitUI.framework; sourceTree = SDKROOT; };
		CBF3EE221970394600232601 /* QuartzCore.framework */ = {isa = PBXFileReference; lastKnownFileType = wrapper.framework; name = QuartzCore.framework; path = System/Library/Frameworks/QuartzCore.framework; sourceTree = SDKROOT; };
		CBF3EE2E1970442400232601 /* CKCalendarView.h */ = {isa = PBXFileReference; fileEncoding = 4; lastKnownFileType = sourcecode.c.h; path = CKCalendarView.h; sourceTree = "<group>"; };
		CBF3EE2F1970442400232601 /* CKCalendarView.m */ = {isa = PBXFileReference; fileEncoding = 4; lastKnownFileType = sourcecode.c.objc; path = CKCalendarView.m; sourceTree = "<group>"; };
		CBF3EE311970442400232601 /* left_arrow.png */ = {isa = PBXFileReference; lastKnownFileType = image.png; path = left_arrow.png; sourceTree = "<group>"; };
		CBF3EE321970442400232601 /* left_arrow@2x.png */ = {isa = PBXFileReference; lastKnownFileType = image.png; path = "left_arrow@2x.png"; sourceTree = "<group>"; };
		CBF3EE331970442400232601 /* right_arrow.png */ = {isa = PBXFileReference; lastKnownFileType = image.png; path = right_arrow.png; sourceTree = "<group>"; };
		CBF3EE341970442400232601 /* right_arrow@2x.png */ = {isa = PBXFileReference; lastKnownFileType = image.png; path = "right_arrow@2x.png"; sourceTree = "<group>"; };
		CBF8877A1990C32D003C146A /* EditProfileViewController.h */ = {isa = PBXFileReference; fileEncoding = 4; lastKnownFileType = sourcecode.c.h; path = EditProfileViewController.h; sourceTree = "<group>"; };
		CBF8877B1990C32D003C146A /* EditProfileViewController.m */ = {isa = PBXFileReference; fileEncoding = 4; lastKnownFileType = sourcecode.c.objc; path = EditProfileViewController.m; sourceTree = "<group>"; };
		CBF8877D1990D521003C146A /* EventCell.xib */ = {isa = PBXFileReference; fileEncoding = 4; lastKnownFileType = file.xib; path = EventCell.xib; sourceTree = "<group>"; };
		CBF887801990D584003C146A /* EventCell.h */ = {isa = PBXFileReference; fileEncoding = 4; lastKnownFileType = sourcecode.c.h; path = EventCell.h; sourceTree = "<group>"; };
		CBF887811990D584003C146A /* EventCell.m */ = {isa = PBXFileReference; fileEncoding = 4; lastKnownFileType = sourcecode.c.objc; path = EventCell.m; sourceTree = "<group>"; };
		FF3282FC19B6D5AF00DBDEC7 /* Parse.framework */ = {isa = PBXFileReference; lastKnownFileType = wrapper.framework; name = Parse.framework; path = ../Parse.framework; sourceTree = "<group>"; };
		FF3282FE19B6D88900DBDEC7 /* chat_icon_normal@2x.png */ = {isa = PBXFileReference; lastKnownFileType = image.png; name = "chat_icon_normal@2x.png"; path = "../../karisma_app_items/chat_icon_normal@2x.png"; sourceTree = "<group>"; };
		FF3282FF19B6D88900DBDEC7 /* events_icon_normal@2x.png */ = {isa = PBXFileReference; lastKnownFileType = image.png; name = "events_icon_normal@2x.png"; path = "../../karisma_app_items/events_icon_normal@2x.png"; sourceTree = "<group>"; };
		FF32830019B6D88900DBDEC7 /* karisma_app_icon.png */ = {isa = PBXFileReference; lastKnownFileType = image.png; name = karisma_app_icon.png; path = ../../karisma_app_items/karisma_app_icon.png; sourceTree = "<group>"; };
		FF32830119B6D88900DBDEC7 /* karisma_app_launchimage_blue_1.png */ = {isa = PBXFileReference; lastKnownFileType = image.png; name = karisma_app_launchimage_blue_1.png; path = ../../karisma_app_items/karisma_app_launchimage_blue_1.png; sourceTree = "<group>"; };
		FF32830219B6D88900DBDEC7 /* members_icon_normal_1@2x.png */ = {isa = PBXFileReference; lastKnownFileType = image.png; name = "members_icon_normal_1@2x.png"; path = "../../karisma_app_items/members_icon_normal_1@2x.png"; sourceTree = "<group>"; };
		FF32830319B6D88900DBDEC7 /* newsfeed_icon_normal@2x.png */ = {isa = PBXFileReference; lastKnownFileType = image.png; name = "newsfeed_icon_normal@2x.png"; path = "../../karisma_app_items/newsfeed_icon_normal@2x.png"; sourceTree = "<group>"; };
		FF32830419B6D88900DBDEC7 /* setting_icon_normal@2x.png */ = {isa = PBXFileReference; lastKnownFileType = image.png; name = "setting_icon_normal@2x.png"; path = "../../karisma_app_items/setting_icon_normal@2x.png"; sourceTree = "<group>"; };
		FF32830D19B6D8F900DBDEC7 /* Base */ = {isa = PBXFileReference; lastKnownFileType = file.storyboard; name = Base; path = HS/Base.lproj/Main.storyboard; sourceTree = "<group>"; };
		FF32837519B6DB8C00DBDEC7 /* RegisterViewController.h */ = {isa = PBXFileReference; fileEncoding = 4; lastKnownFileType = sourcecode.c.h; path = RegisterViewController.h; sourceTree = "<group>"; };
		FF32837619B6DB8C00DBDEC7 /* RegisterViewController.m */ = {isa = PBXFileReference; fileEncoding = 4; lastKnownFileType = sourcecode.c.objc; path = RegisterViewController.m; sourceTree = "<group>"; };
		FF61966419B58B1700743E1E /* MemberTableViewController.h */ = {isa = PBXFileReference; fileEncoding = 4; lastKnownFileType = sourcecode.c.h; name = MemberTableViewController.h; path = ../MemberTableViewController.h; sourceTree = "<group>"; };
		FF61966519B58B1700743E1E /* MemberTableViewController.m */ = {isa = PBXFileReference; fileEncoding = 4; lastKnownFileType = sourcecode.c.objc; name = MemberTableViewController.m; path = ../MemberTableViewController.m; sourceTree = "<group>"; };
		FF61966719B58CE600743E1E /* EditMemberTableViewController.h */ = {isa = PBXFileReference; fileEncoding = 4; lastKnownFileType = sourcecode.c.h; path = EditMemberTableViewController.h; sourceTree = "<group>"; };
		FF61966819B58CE600743E1E /* EditMemberTableViewController.m */ = {isa = PBXFileReference; fileEncoding = 4; lastKnownFileType = sourcecode.c.objc; path = EditMemberTableViewController.m; sourceTree = "<group>"; };
		FF69D81719B03C9700743508 /* AudioToolbox.framework */ = {isa = PBXFileReference; lastKnownFileType = wrapper.framework; name = AudioToolbox.framework; path = System/Library/Frameworks/AudioToolbox.framework; sourceTree = SDKROOT; };
		FF69D81919B03C9F00743508 /* CFNetwork.framework */ = {isa = PBXFileReference; lastKnownFileType = wrapper.framework; name = CFNetwork.framework; path = System/Library/Frameworks/CFNetwork.framework; sourceTree = SDKROOT; };
		FF69D81B19B03CAB00743508 /* CoreLocation.framework */ = {isa = PBXFileReference; lastKnownFileType = wrapper.framework; name = CoreLocation.framework; path = System/Library/Frameworks/CoreLocation.framework; sourceTree = SDKROOT; };
		FF69D81D19B03CB000743508 /* libz.dylib */ = {isa = PBXFileReference; lastKnownFileType = "compiled.mach-o.dylib"; name = libz.dylib; path = usr/lib/libz.dylib; sourceTree = SDKROOT; };
		FF69D81F19B03CB700743508 /* MobileCoreServices.framework */ = {isa = PBXFileReference; lastKnownFileType = wrapper.framework; name = MobileCoreServices.framework; path = System/Library/Frameworks/MobileCoreServices.framework; sourceTree = SDKROOT; };
		FF69D82119B03CC200743508 /* Security.framework */ = {isa = PBXFileReference; lastKnownFileType = wrapper.framework; name = Security.framework; path = System/Library/Frameworks/Security.framework; sourceTree = SDKROOT; };
		FF69D82319B03CC900743508 /* StoreKit.framework */ = {isa = PBXFileReference; lastKnownFileType = wrapper.framework; name = StoreKit.framework; path = System/Library/Frameworks/StoreKit.framework; sourceTree = SDKROOT; };
		FF69D82519B03CD100743508 /* SystemConfiguration.framework */ = {isa = PBXFileReference; lastKnownFileType = wrapper.framework; name = SystemConfiguration.framework; path = System/Library/Frameworks/SystemConfiguration.framework; sourceTree = SDKROOT; };
/* End PBXFileReference section */

/* Begin PBXFrameworksBuildPhase section */
		CB8C7222196FB251006E4CF2 /* Frameworks */ = {
			isa = PBXFrameworksBuildPhase;
			buildActionMask = 2147483647;
			files = (
				FF69D82619B03CD100743508 /* SystemConfiguration.framework in Frameworks */,
				FF69D82419B03CC900743508 /* StoreKit.framework in Frameworks */,
				FF69D82219B03CC200743508 /* Security.framework in Frameworks */,
				CBF3EE231970394600232601 /* QuartzCore.framework in Frameworks */,
				FF69D82019B03CB700743508 /* MobileCoreServices.framework in Frameworks */,
				FF69D81E19B03CB000743508 /* libz.dylib in Frameworks */,
				FF3282FD19B6D5AF00DBDEC7 /* Parse.framework in Frameworks */,
				FF69D81C19B03CAB00743508 /* CoreLocation.framework in Frameworks */,
				CB8C722B196FB251006E4CF2 /* CoreGraphics.framework in Frameworks */,
				FF69D81A19B03C9F00743508 /* CFNetwork.framework in Frameworks */,
				FF69D81819B03C9700743508 /* AudioToolbox.framework in Frameworks */,
				CB8C722D196FB251006E4CF2 /* UIKit.framework in Frameworks */,
				CB8C7229196FB251006E4CF2 /* Foundation.framework in Frameworks */,
			);
			runOnlyForDeploymentPostprocessing = 0;
		};
		CB8C7246196FB251006E4CF2 /* Frameworks */ = {
			isa = PBXFrameworksBuildPhase;
			buildActionMask = 2147483647;
			files = (
				CB8C724B196FB251006E4CF2 /* XCTest.framework in Frameworks */,
				CB8C724D196FB251006E4CF2 /* UIKit.framework in Frameworks */,
				CB8C724C196FB251006E4CF2 /* Foundation.framework in Frameworks */,
			);
			runOnlyForDeploymentPostprocessing = 0;
		};
/* End PBXFrameworksBuildPhase section */

/* Begin PBXGroup section */
		CB8C721C196FB251006E4CF2 = {
			isa = PBXGroup;
			children = (
				FF3282FC19B6D5AF00DBDEC7 /* Parse.framework */,
				CBB8D01E1979ADDD0080F2B5 /* ImportedFiles */,
				CB8C722E196FB251006E4CF2 /* HS */,
				CB8C7250196FB251006E4CF2 /* HSTests */,
				CBF3EE2D1970442400232601 /* Source */,
				CB8C7227196FB251006E4CF2 /* Frameworks */,
				CB8C7226196FB251006E4CF2 /* Products */,
			);
			sourceTree = "<group>";
		};
		CB8C7226196FB251006E4CF2 /* Products */ = {
			isa = PBXGroup;
			children = (
				CB8C7225196FB251006E4CF2 /* HS.app */,
				CB8C7249196FB251006E4CF2 /* HSTests.xctest */,
			);
			name = Products;
			sourceTree = "<group>";
		};
		CB8C7227196FB251006E4CF2 /* Frameworks */ = {
			isa = PBXGroup;
			children = (
				FF69D82519B03CD100743508 /* SystemConfiguration.framework */,
				FF69D82319B03CC900743508 /* StoreKit.framework */,
				FF69D82119B03CC200743508 /* Security.framework */,
				FF69D81F19B03CB700743508 /* MobileCoreServices.framework */,
				FF69D81D19B03CB000743508 /* libz.dylib */,
				FF69D81B19B03CAB00743508 /* CoreLocation.framework */,
				FF69D81919B03C9F00743508 /* CFNetwork.framework */,
				FF69D81719B03C9700743508 /* AudioToolbox.framework */,
				CBF3EE221970394600232601 /* QuartzCore.framework */,
				CBF3EE121970373900232601 /* EventKit.framework */,
				CBF3EE131970373900232601 /* EventKitUI.framework */,
				CB8C7228196FB251006E4CF2 /* Foundation.framework */,
				CB8C722A196FB251006E4CF2 /* CoreGraphics.framework */,
				CB8C722C196FB251006E4CF2 /* UIKit.framework */,
				CB8C724A196FB251006E4CF2 /* XCTest.framework */,
			);
			name = Frameworks;
			sourceTree = "<group>";
		};
		CB8C722E196FB251006E4CF2 /* HS */ = {
			isa = PBXGroup;
			children = (
				FF69D80A19B031FD00743508 /* image */,
				CBF8877F1990D55C003C146A /* EventCell */,
				CBB4683C196FC0640061B757 /* Models */,
				FF32830C19B6D8F900DBDEC7 /* Main.storyboard */,
				FF32837519B6DB8C00DBDEC7 /* RegisterViewController.h */,
				FF32837619B6DB8C00DBDEC7 /* RegisterViewController.m */,
				CB8C7237196FB251006E4CF2 /* AppDelegate.h */,
				CB8C7238196FB251006E4CF2 /* AppDelegate.m */,
				CBF8877A1990C32D003C146A /* EditProfileViewController.h */,
				CBF8877B1990C32D003C146A /* EditProfileViewController.m */,
				CB41E3B3197F8FAF00929329 /* SettingTableViewController.h */,
				CB41E3B4197F8FAF00929329 /* SettingTableViewController.m */,
				CB41E3AD197F842A00929329 /* LoginViewController.h */,
				CB41E3AE197F842A00929329 /* LoginViewController.m */,
				CB075AC819789BD400ABFE20 /* NewsFeedTableViewController.h */,
				CB075AC919789BD400ABFE20 /* NewsFeedTableViewController.m */,
				CB075AC519789AB200ABFE20 /* UpdateNewsViewController.h */,
				CB075AC619789AB200ABFE20 /* UpdateNewsViewController.m */,
				CB48A25B197CF1E200E458AA /* EventViewController.h */,
				CB48A25C197CF1E200E458AA /* EventViewController.m */,
				CB41E3A4197D961300929329 /* UpdateEventViewController.h */,
				CB41E3A5197D961300929329 /* UpdateEventViewController.m */,
				CB8C7260196FB51E006E4CF2 /* ChatViewController.h */,
				CB8C7261196FB51E006E4CF2 /* ChatViewController.m */,
				FF61966419B58B1700743E1E /* MemberTableViewController.h */,
				FF61966519B58B1700743E1E /* MemberTableViewController.m */,
				FF61966719B58CE600743E1E /* EditMemberTableViewController.h */,
				FF61966819B58CE600743E1E /* EditMemberTableViewController.m */,
				CB8C7243196FB251006E4CF2 /* Images.xcassets */,
				CBD41AF01993568E008544F1 /* CalendarEventView */,
				CB8C722F196FB251006E4CF2 /* Supporting Files */,
			);
			path = HS;
			sourceTree = "<group>";
		};
		CB8C722F196FB251006E4CF2 /* Supporting Files */ = {
			isa = PBXGroup;
			children = (
				CB8C7230196FB251006E4CF2 /* HS-Info.plist */,
				CB8C7231196FB251006E4CF2 /* InfoPlist.strings */,
				CB8C7234196FB251006E4CF2 /* main.m */,
				CB8C7236196FB251006E4CF2 /* HS-Prefix.pch */,
			);
			name = "Supporting Files";
			sourceTree = "<group>";
		};
		CB8C7250196FB251006E4CF2 /* HSTests */ = {
			isa = PBXGroup;
			children = (
				CB8C7256196FB251006E4CF2 /* HSTests.m */,
				CB8C7251196FB251006E4CF2 /* Supporting Files */,
			);
			path = HSTests;
			sourceTree = "<group>";
		};
		CB8C7251196FB251006E4CF2 /* Supporting Files */ = {
			isa = PBXGroup;
			children = (
				CB8C7252196FB251006E4CF2 /* HSTests-Info.plist */,
				CB8C7253196FB251006E4CF2 /* InfoPlist.strings */,
			);
			name = "Supporting Files";
			sourceTree = "<group>";
		};
		CBB4683C196FC0640061B757 /* Models */ = {
			isa = PBXGroup;
			children = (
				CB075AC219789A6200ABFE20 /* News.h */,
				CB075AC319789A6200ABFE20 /* News.m */,
				CB41E3A7197D97E000929329 /* Event.h */,
				CB41E3A8197D97E000929329 /* Event.m */,
			);
			name = Models;
			sourceTree = "<group>";
		};
		CBB8D01E1979ADDD0080F2B5 /* ImportedFiles */ = {
			isa = PBXGroup;
			children = (
				CB41E3D9198794C500929329 /* PDTSimpleCalendar.h */,
				CB41E3DA198794C500929329 /* PDTSimpleCalendarViewCell.h */,
				CB41E3DB198794C500929329 /* PDTSimpleCalendarViewCell.m */,
				CB41E3DC198794C500929329 /* PDTSimpleCalendarViewController.h */,
				CB41E3DD198794C500929329 /* PDTSimpleCalendarViewController.m */,
				CB41E3DE198794C500929329 /* PDTSimpleCalendarViewFlowLayout.h */,
				CB41E3DF198794C500929329 /* PDTSimpleCalendarViewFlowLayout.m */,
				CB41E3E0198794C500929329 /* PDTSimpleCalendarViewHeader.h */,
				CB41E3E1198794C500929329 /* PDTSimpleCalendarViewHeader.m */,
			);
			name = ImportedFiles;
			sourceTree = "<group>";
		};
		CBD41AF01993568E008544F1 /* CalendarEventView */ = {
			isa = PBXGroup;
			children = (
				CBDDED52199358AD00660639 /* CalendarEventView.h */,
				CBDDED53199358AD00660639 /* CalendarEventView.m */,
			);
			name = CalendarEventView;
			sourceTree = "<group>";
		};
		CBF3EE2D1970442400232601 /* Source */ = {
			isa = PBXGroup;
			children = (
				CBF3EE2E1970442400232601 /* CKCalendarView.h */,
				CBF3EE2F1970442400232601 /* CKCalendarView.m */,
				CBF3EE301970442400232601 /* resources */,
			);
			name = Source;
			path = "../../../Downloads/CKCalendar-master/Source";
			sourceTree = "<group>";
		};
		CBF3EE301970442400232601 /* resources */ = {
			isa = PBXGroup;
			children = (
				CBF3EE311970442400232601 /* left_arrow.png */,
				CBF3EE321970442400232601 /* left_arrow@2x.png */,
				CBF3EE331970442400232601 /* right_arrow.png */,
				CBF3EE341970442400232601 /* right_arrow@2x.png */,
			);
			path = resources;
			sourceTree = "<group>";
		};
		CBF8877F1990D55C003C146A /* EventCell */ = {
			isa = PBXGroup;
			children = (
				CBF8877D1990D521003C146A /* EventCell.xib */,
				CBF887801990D584003C146A /* EventCell.h */,
				CBF887811990D584003C146A /* EventCell.m */,
			);
			name = EventCell;
			sourceTree = "<group>";
		};
		FF69D80A19B031FD00743508 /* image */ = {
			isa = PBXGroup;
			children = (
				FF3282FE19B6D88900DBDEC7 /* chat_icon_normal@2x.png */,
				FF3282FF19B6D88900DBDEC7 /* events_icon_normal@2x.png */,
				FF32830019B6D88900DBDEC7 /* karisma_app_icon.png */,
				FF32830119B6D88900DBDEC7 /* karisma_app_launchimage_blue_1.png */,
				FF32830219B6D88900DBDEC7 /* members_icon_normal_1@2x.png */,
				FF32830319B6D88900DBDEC7 /* newsfeed_icon_normal@2x.png */,
				FF32830419B6D88900DBDEC7 /* setting_icon_normal@2x.png */,
			);
			name = image;
			sourceTree = "<group>";
		};
/* End PBXGroup section */

/* Begin PBXNativeTarget section */
		CB8C7224196FB251006E4CF2 /* HS */ = {
			isa = PBXNativeTarget;
			buildConfigurationList = CB8C725A196FB251006E4CF2 /* Build configuration list for PBXNativeTarget "HS" */;
			buildPhases = (
				CB8C7221196FB251006E4CF2 /* Sources */,
				CB8C7222196FB251006E4CF2 /* Frameworks */,
				CB8C7223196FB251006E4CF2 /* Resources */,
			);
			buildRules = (
			);
			dependencies = (
			);
			name = HS;
			productName = HS;
			productReference = CB8C7225196FB251006E4CF2 /* HS.app */;
			productType = "com.apple.product-type.application";
		};
		CB8C7248196FB251006E4CF2 /* HSTests */ = {
			isa = PBXNativeTarget;
			buildConfigurationList = CB8C725D196FB251006E4CF2 /* Build configuration list for PBXNativeTarget "HSTests" */;
			buildPhases = (
				CB8C7245196FB251006E4CF2 /* Sources */,
				CB8C7246196FB251006E4CF2 /* Frameworks */,
				CB8C7247196FB251006E4CF2 /* Resources */,
			);
			buildRules = (
			);
			dependencies = (
				CB8C724F196FB251006E4CF2 /* PBXTargetDependency */,
			);
			name = HSTests;
			productName = HSTests;
			productReference = CB8C7249196FB251006E4CF2 /* HSTests.xctest */;
			productType = "com.apple.product-type.bundle.unit-test";
		};
/* End PBXNativeTarget section */

/* Begin PBXProject section */
		CB8C721D196FB251006E4CF2 /* Project object */ = {
			isa = PBXProject;
			attributes = {
				LastUpgradeCheck = 0510;
				ORGANIZATIONNAME = HeapStack;
				TargetAttributes = {
					CB8C7248196FB251006E4CF2 = {
						TestTargetID = CB8C7224196FB251006E4CF2;
					};
				};
			};
			buildConfigurationList = CB8C7220196FB251006E4CF2 /* Build configuration list for PBXProject "HS" */;
			compatibilityVersion = "Xcode 3.2";
			developmentRegion = English;
			hasScannedForEncodings = 0;
			knownRegions = (
				en,
				Base,
			);
			mainGroup = CB8C721C196FB251006E4CF2;
			productRefGroup = CB8C7226196FB251006E4CF2 /* Products */;
			projectDirPath = "";
			projectRoot = "";
			targets = (
				CB8C7224196FB251006E4CF2 /* HS */,
				CB8C7248196FB251006E4CF2 /* HSTests */,
			);
		};
/* End PBXProject section */

/* Begin PBXResourcesBuildPhase section */
		CB8C7223196FB251006E4CF2 /* Resources */ = {
			isa = PBXResourcesBuildPhase;
			buildActionMask = 2147483647;
			files = (
				FF32830519B6D88900DBDEC7 /* chat_icon_normal@2x.png in Resources */,
				FF32830B19B6D88900DBDEC7 /* setting_icon_normal@2x.png in Resources */,
				CB8C7244196FB251006E4CF2 /* Images.xcassets in Resources */,
				FF32830719B6D88900DBDEC7 /* karisma_app_icon.png in Resources */,
				CB8C7233196FB251006E4CF2 /* InfoPlist.strings in Resources */,
				FF32830E19B6D8F900DBDEC7 /* Main.storyboard in Resources */,
				FF32830A19B6D88900DBDEC7 /* newsfeed_icon_normal@2x.png in Resources */,
				FF32830819B6D88900DBDEC7 /* karisma_app_launchimage_blue_1.png in Resources */,
				CBF8877E1990D521003C146A /* EventCell.xib in Resources */,
				FF32830619B6D88900DBDEC7 /* events_icon_normal@2x.png in Resources */,
				FF32830919B6D88900DBDEC7 /* members_icon_normal_1@2x.png in Resources */,
			);
			runOnlyForDeploymentPostprocessing = 0;
		};
		CB8C7247196FB251006E4CF2 /* Resources */ = {
			isa = PBXResourcesBuildPhase;
			buildActionMask = 2147483647;
			files = (
				CB8C7255196FB251006E4CF2 /* InfoPlist.strings in Resources */,
			);
			runOnlyForDeploymentPostprocessing = 0;
		};
/* End PBXResourcesBuildPhase section */

/* Begin PBXSourcesBuildPhase section */
		CB8C7221196FB251006E4CF2 /* Sources */ = {
			isa = PBXSourcesBuildPhase;
			buildActionMask = 2147483647;
			files = (
				CB41E3E5198794C500929329 /* PDTSimpleCalendarViewHeader.m in Sources */,
				FF61966919B58CE600743E1E /* EditMemberTableViewController.m in Sources */,
				CB075AC719789AB200ABFE20 /* UpdateNewsViewController.m in Sources */,
				CB41E3A6197D961300929329 /* UpdateEventViewController.m in Sources */,
				FF32837719B6DB8C00DBDEC7 /* RegisterViewController.m in Sources */,
				FF61966619B58B1700743E1E /* MemberTableViewController.m in Sources */,
				CB41E3B5197F8FAF00929329 /* SettingTableViewController.m in Sources */,
				CB41E3A9197D97E000929329 /* Event.m in Sources */,
				CB48A25D197CF1E200E458AA /* EventViewController.m in Sources */,
				CB41E3E3198794C500929329 /* PDTSimpleCalendarViewController.m in Sources */,
				CB41E3E2198794C500929329 /* PDTSimpleCalendarViewCell.m in Sources */,
				CB8C7239196FB251006E4CF2 /* AppDelegate.m in Sources */,
				CB41E3AF197F842A00929329 /* LoginViewController.m in Sources */,
				CB41E3E4198794C500929329 /* PDTSimpleCalendarViewFlowLayout.m in Sources */,
				CB075ACA19789BD400ABFE20 /* NewsFeedTableViewController.m in Sources */,
				CBF887821990D584003C146A /* EventCell.m in Sources */,
				CB8C7262196FB51E006E4CF2 /* ChatViewController.m in Sources */,
				CBDDED54199358AD00660639 /* CalendarEventView.m in Sources */,
				CBF8877C1990C32D003C146A /* EditProfileViewController.m in Sources */,
				CB075AC419789A6200ABFE20 /* News.m in Sources */,
				CB8C7235196FB251006E4CF2 /* main.m in Sources */,
			);
			runOnlyForDeploymentPostprocessing = 0;
		};
		CB8C7245196FB251006E4CF2 /* Sources */ = {
			isa = PBXSourcesBuildPhase;
			buildActionMask = 2147483647;
			files = (
				CB8C7257196FB251006E4CF2 /* HSTests.m in Sources */,
			);
			runOnlyForDeploymentPostprocessing = 0;
		};
/* End PBXSourcesBuildPhase section */

/* Begin PBXTargetDependency section */
		CB8C724F196FB251006E4CF2 /* PBXTargetDependency */ = {
			isa = PBXTargetDependency;
			target = CB8C7224196FB251006E4CF2 /* HS */;
			targetProxy = CB8C724E196FB251006E4CF2 /* PBXContainerItemProxy */;
		};
/* End PBXTargetDependency section */

/* Begin PBXVariantGroup section */
		CB8C7231196FB251006E4CF2 /* InfoPlist.strings */ = {
			isa = PBXVariantGroup;
			children = (
				CB8C7232196FB251006E4CF2 /* en */,
			);
			name = InfoPlist.strings;
			sourceTree = "<group>";
		};
		CB8C7253196FB251006E4CF2 /* InfoPlist.strings */ = {
			isa = PBXVariantGroup;
			children = (
				CB8C7254196FB251006E4CF2 /* en */,
			);
			name = InfoPlist.strings;
			sourceTree = "<group>";
		};
		FF32830C19B6D8F900DBDEC7 /* Main.storyboard */ = {
			isa = PBXVariantGroup;
			children = (
				FF32830D19B6D8F900DBDEC7 /* Base */,
			);
			name = Main.storyboard;
			path = ..;
			sourceTree = "<group>";
		};
/* End PBXVariantGroup section */

/* Begin XCBuildConfiguration section */
		CB8C7258196FB251006E4CF2 /* Debug */ = {
			isa = XCBuildConfiguration;
			buildSettings = {
				ALWAYS_SEARCH_USER_PATHS = NO;
				CLANG_CXX_LANGUAGE_STANDARD = "gnu++0x";
				CLANG_CXX_LIBRARY = "libc++";
				CLANG_ENABLE_MODULES = YES;
				CLANG_ENABLE_OBJC_ARC = YES;
				CLANG_WARN_BOOL_CONVERSION = YES;
				CLANG_WARN_CONSTANT_CONVERSION = YES;
				CLANG_WARN_DIRECT_OBJC_ISA_USAGE = YES_ERROR;
				CLANG_WARN_EMPTY_BODY = YES;
				CLANG_WARN_ENUM_CONVERSION = YES;
				CLANG_WARN_INT_CONVERSION = YES;
				CLANG_WARN_OBJC_ROOT_CLASS = YES_ERROR;
				CLANG_WARN__DUPLICATE_METHOD_MATCH = YES;
				"CODE_SIGN_IDENTITY[sdk=iphoneos*]" = "iPhone Developer";
				COPY_PHASE_STRIP = NO;
				GCC_C_LANGUAGE_STANDARD = gnu99;
				GCC_DYNAMIC_NO_PIC = NO;
				GCC_OPTIMIZATION_LEVEL = 0;
				GCC_PREPROCESSOR_DEFINITIONS = (
					"DEBUG=1",
					"$(inherited)",
				);
				GCC_SYMBOLS_PRIVATE_EXTERN = NO;
				GCC_WARN_64_TO_32_BIT_CONVERSION = YES;
				GCC_WARN_ABOUT_RETURN_TYPE = YES_ERROR;
				GCC_WARN_UNDECLARED_SELECTOR = YES;
				GCC_WARN_UNINITIALIZED_AUTOS = YES_AGGRESSIVE;
				GCC_WARN_UNUSED_FUNCTION = YES;
				GCC_WARN_UNUSED_VARIABLE = YES;
				IPHONEOS_DEPLOYMENT_TARGET = 7.1;
				ONLY_ACTIVE_ARCH = YES;
				SDKROOT = iphoneos;
			};
			name = Debug;
		};
		CB8C7259196FB251006E4CF2 /* Release */ = {
			isa = XCBuildConfiguration;
			buildSettings = {
				ALWAYS_SEARCH_USER_PATHS = NO;
				CLANG_CXX_LANGUAGE_STANDARD = "gnu++0x";
				CLANG_CXX_LIBRARY = "libc++";
				CLANG_ENABLE_MODULES = YES;
				CLANG_ENABLE_OBJC_ARC = YES;
				CLANG_WARN_BOOL_CONVERSION = YES;
				CLANG_WARN_CONSTANT_CONVERSION = YES;
				CLANG_WARN_DIRECT_OBJC_ISA_USAGE = YES_ERROR;
				CLANG_WARN_EMPTY_BODY = YES;
				CLANG_WARN_ENUM_CONVERSION = YES;
				CLANG_WARN_INT_CONVERSION = YES;
				CLANG_WARN_OBJC_ROOT_CLASS = YES_ERROR;
				CLANG_WARN__DUPLICATE_METHOD_MATCH = YES;
				"CODE_SIGN_IDENTITY[sdk=iphoneos*]" = "iPhone Developer";
				COPY_PHASE_STRIP = YES;
				ENABLE_NS_ASSERTIONS = NO;
				GCC_C_LANGUAGE_STANDARD = gnu99;
				GCC_WARN_64_TO_32_BIT_CONVERSION = YES;
				GCC_WARN_ABOUT_RETURN_TYPE = YES_ERROR;
				GCC_WARN_UNDECLARED_SELECTOR = YES;
				GCC_WARN_UNINITIALIZED_AUTOS = YES_AGGRESSIVE;
				GCC_WARN_UNUSED_FUNCTION = YES;
				GCC_WARN_UNUSED_VARIABLE = YES;
				IPHONEOS_DEPLOYMENT_TARGET = 7.1;
				SDKROOT = iphoneos;
				VALIDATE_PRODUCT = YES;
			};
			name = Release;
		};
		CB8C725B196FB251006E4CF2 /* Debug */ = {
			isa = XCBuildConfiguration;
			buildSettings = {
				FRAMEWORK_SEARCH_PATHS = (
					"$(inherited)",
					/Users/Jong/Downloads,
					/Users/Jong/Documents/project/HS,
				);
				GCC_PRECOMPILE_PREFIX_HEADER = YES;
				GCC_PREFIX_HEADER = "HS/HS-Prefix.pch";
				INFOPLIST_FILE = "HS/HS-Info.plist";
				PRODUCT_NAME = "$(TARGET_NAME)";
				WRAPPER_EXTENSION = app;
			};
			name = Debug;
		};
		CB8C725C196FB251006E4CF2 /* Release */ = {
			isa = XCBuildConfiguration;
			buildSettings = {
				FRAMEWORK_SEARCH_PATHS = (
					"$(inherited)",
					/Users/Jong/Downloads,
					/Users/Jong/Documents/project/HS,
				);
				GCC_PRECOMPILE_PREFIX_HEADER = YES;
				GCC_PREFIX_HEADER = "HS/HS-Prefix.pch";
				INFOPLIST_FILE = "HS/HS-Info.plist";
				PRODUCT_NAME = "$(TARGET_NAME)";
				WRAPPER_EXTENSION = app;
			};
			name = Release;
		};
		CB8C725E196FB251006E4CF2 /* Debug */ = {
			isa = XCBuildConfiguration;
			buildSettings = {
				BUNDLE_LOADER = "$(BUILT_PRODUCTS_DIR)/HS.app/HS";
				FRAMEWORK_SEARCH_PATHS = (
					"$(SDKROOT)/Developer/Library/Frameworks",
					"$(inherited)",
					"$(DEVELOPER_FRAMEWORKS_DIR)",
				);
				GCC_PRECOMPILE_PREFIX_HEADER = YES;
				GCC_PREFIX_HEADER = "HS/HS-Prefix.pch";
				GCC_PREPROCESSOR_DEFINITIONS = (
					"DEBUG=1",
					"$(inherited)",
				);
				INFOPLIST_FILE = "HSTests/HSTests-Info.plist";
				PRODUCT_NAME = "$(TARGET_NAME)";
				TEST_HOST = "$(BUNDLE_LOADER)";
				WRAPPER_EXTENSION = xctest;
			};
			name = Debug;
		};
		CB8C725F196FB251006E4CF2 /* Release */ = {
			isa = XCBuildConfiguration;
			buildSettings = {
				BUNDLE_LOADER = "$(BUILT_PRODUCTS_DIR)/HS.app/HS";
				FRAMEWORK_SEARCH_PATHS = (
					"$(SDKROOT)/Developer/Library/Frameworks",
					"$(inherited)",
					"$(DEVELOPER_FRAMEWORKS_DIR)",
				);
				GCC_PRECOMPILE_PREFIX_HEADER = YES;
				GCC_PREFIX_HEADER = "HS/HS-Prefix.pch";
				INFOPLIST_FILE = "HSTests/HSTests-Info.plist";
				PRODUCT_NAME = "$(TARGET_NAME)";
				TEST_HOST = "$(BUNDLE_LOADER)";
				WRAPPER_EXTENSION = xctest;
			};
			name = Release;
		};
/* End XCBuildConfiguration section */

/* Begin XCConfigurationList section */
		CB8C7220196FB251006E4CF2 /* Build configuration list for PBXProject "HS" */ = {
			isa = XCConfigurationList;
			buildConfigurations = (
				CB8C7258196FB251006E4CF2 /* Debug */,
				CB8C7259196FB251006E4CF2 /* Release */,
			);
			defaultConfigurationIsVisible = 0;
			defaultConfigurationName = Release;
		};
		CB8C725A196FB251006E4CF2 /* Build configuration list for PBXNativeTarget "HS" */ = {
			isa = XCConfigurationList;
			buildConfigurations = (
				CB8C725B196FB251006E4CF2 /* Debug */,
				CB8C725C196FB251006E4CF2 /* Release */,
			);
			defaultConfigurationIsVisible = 0;
			defaultConfigurationName = Release;
		};
		CB8C725D196FB251006E4CF2 /* Build configuration list for PBXNativeTarget "HSTests" */ = {
			isa = XCConfigurationList;
			buildConfigurations = (
				CB8C725E196FB251006E4CF2 /* Debug */,
				CB8C725F196FB251006E4CF2 /* Release */,
			);
			defaultConfigurationIsVisible = 0;
			defaultConfigurationName = Release;
		};
/* End XCConfigurationList section */
	};
	rootObject = CB8C721D196FB251006E4CF2 /* Project object */;
}
